// !$*UTF8*$!
{
	archiveVersion = 1;
	classes = {
	};
	objectVersion = 46;
	objects = {

/* Begin PBXBuildFile section */
		057C98761FD7287500547DF7 /* AppDelegate.swift in Sources */ = {isa = PBXBuildFile; fileRef = 057C98751FD7287500547DF7 /* AppDelegate.swift */; };
		057C98781FD7287500547DF7 /* GameScene.sks in Resources */ = {isa = PBXBuildFile; fileRef = 057C98771FD7287500547DF7 /* GameScene.sks */; };
		057C987A1FD7287500547DF7 /* Actions.sks in Resources */ = {isa = PBXBuildFile; fileRef = 057C98791FD7287500547DF7 /* Actions.sks */; };
		057C987C1FD7287500547DF7 /* GameScene.swift in Sources */ = {isa = PBXBuildFile; fileRef = 057C987B1FD7287500547DF7 /* GameScene.swift */; };
		057C987E1FD7287500547DF7 /* GameViewController.swift in Sources */ = {isa = PBXBuildFile; fileRef = 057C987D1FD7287500547DF7 /* GameViewController.swift */; };
		057C98811FD7287500547DF7 /* Main.storyboard in Resources */ = {isa = PBXBuildFile; fileRef = 057C987F1FD7287500547DF7 /* Main.storyboard */; };
		057C98831FD7287500547DF7 /* Assets.xcassets in Resources */ = {isa = PBXBuildFile; fileRef = 057C98821FD7287500547DF7 /* Assets.xcassets */; };
		057C98861FD7287500547DF7 /* LaunchScreen.storyboard in Resources */ = {isa = PBXBuildFile; fileRef = 057C98841FD7287500547DF7 /* LaunchScreen.storyboard */; };
/* End PBXBuildFile section */

/* Begin PBXFileReference section */
		057C98721FD7287500547DF7 /* Die.app */ = {isa = PBXFileReference; explicitFileType = wrapper.application; includeInIndex = 0; path = Die.app; sourceTree = BUILT_PRODUCTS_DIR; };
		057C98751FD7287500547DF7 /* AppDelegate.swift */ = {isa = PBXFileReference; lastKnownFileType = sourcecode.swift; path = AppDelegate.swift; sourceTree = "<group>"; };
		057C98771FD7287500547DF7 /* GameScene.sks */ = {isa = PBXFileReference; lastKnownFileType = file.sks; path = GameScene.sks; sourceTree = "<group>"; };
		057C98791FD7287500547DF7 /* Actions.sks */ = {isa = PBXFileReference; lastKnownFileType = file.sks; path = Actions.sks; sourceTree = "<group>"; };
		057C987B1FD7287500547DF7 /* GameScene.swift */ = {isa = PBXFileReference; lastKnownFileType = sourcecode.swift; path = GameScene.swift; sourceTree = "<group>"; };
		057C987D1FD7287500547DF7 /* GameViewController.swift */ = {isa = PBXFileReference; lastKnownFileType = sourcecode.swift; path = GameViewController.swift; sourceTree = "<group>"; };
		057C98801FD7287500547DF7 /* Base */ = {isa = PBXFileReference; lastKnownFileType = file.storyboard; name = Base; path = Base.lproj/Main.storyboard; sourceTree = "<group>"; };
		057C98821FD7287500547DF7 /* Assets.xcassets */ = {isa = PBXFileReference; lastKnownFileType = folder.assetcatalog; path = Assets.xcassets; sourceTree = "<group>"; };
		057C98851FD7287500547DF7 /* Base */ = {isa = PBXFileReference; lastKnownFileType = file.storyboard; name = Base; path = Base.lproj/LaunchScreen.storyboard; sourceTree = "<group>"; };
		057C98871FD7287500547DF7 /* Info.plist */ = {isa = PBXFileReference; lastKnownFileType = text.plist.xml; path = Info.plist; sourceTree = "<group>"; };
/* End PBXFileReference section */

/* Begin PBXFrameworksBuildPhase section */
		057C986F1FD7287500547DF7 /* Frameworks */ = {
			isa = PBXFrameworksBuildPhase;
			buildActionMask = 2147483647;
			files = (
			);
			runOnlyForDeploymentPostprocessing = 0;
		};
/* End PBXFrameworksBuildPhase section */

/* Begin PBXGroup section */
		057C98691FD7287500547DF7 = {
			isa = PBXGroup;
			children = (
				057C98741FD7287500547DF7 /* Die */,
				057C98731FD7287500547DF7 /* Products */,
			);
			sourceTree = "<group>";
		};
		057C98731FD7287500547DF7 /* Products */ = {
			isa = PBXGroup;
			children = (
				057C98721FD7287500547DF7 /* Die.app */,
			);
			name = Products;
			sourceTree = "<group>";
		};
		057C98741FD7287500547DF7 /* Die */ = {
			isa = PBXGroup;
			children = (
				057C98751FD7287500547DF7 /* AppDelegate.swift */,
				057C98771FD7287500547DF7 /* GameScene.sks */,
				057C98791FD7287500547DF7 /* Actions.sks */,
				057C987B1FD7287500547DF7 /* GameScene.swift */,
				057C987D1FD7287500547DF7 /* GameViewController.swift */,
				057C987F1FD7287500547DF7 /* Main.storyboard */,
				057C98821FD7287500547DF7 /* Assets.xcassets */,
				057C98841FD7287500547DF7 /* LaunchScreen.storyboard */,
				057C98871FD7287500547DF7 /* Info.plist */,
			);
			path = Die;
			sourceTree = "<group>";
		};
/* End PBXGroup section */

/* Begin PBXNativeTarget section */
		057C98711FD7287500547DF7 /* Die */ = {
			isa = PBXNativeTarget;
			buildConfigurationList = 057C988A1FD7287500547DF7 /* Build configuration list for PBXNativeTarget "Die" */;
			buildPhases = (
				057C986E1FD7287500547DF7 /* Sources */,
				057C986F1FD7287500547DF7 /* Frameworks */,
				057C98701FD7287500547DF7 /* Resources */,
			);
			buildRules = (
			);
			dependencies = (
			);
			name = Die;
			productName = Die;
			productReference = 057C98721FD7287500547DF7 /* Die.app */;
			productType = "com.apple.product-type.application";
		};
/* End PBXNativeTarget section */

/* Begin PBXProject section */
		057C986A1FD7287500547DF7 /* Project object */ = {
			isa = PBXProject;
			attributes = {
				LastSwiftUpdateCheck = 0810;
				LastUpgradeCheck = 0810;
				ORGANIZATIONNAME = "PEDRO HENRIQUE PEREIRA ELIAS DOS SANTOS";
				TargetAttributes = {
					057C98711FD7287500547DF7 = {
						CreatedOnToolsVersion = 8.1;
						ProvisioningStyle = Automatic;
					};
				};
			};
			buildConfigurationList = 057C986D1FD7287500547DF7 /* Build configuration list for PBXProject "Die" */;
			compatibilityVersion = "Xcode 3.2";
			developmentRegion = English;
			hasScannedForEncodings = 0;
			knownRegions = (
				en,
				Base,
			);
			mainGroup = 057C98691FD7287500547DF7;
			productRefGroup = 057C98731FD7287500547DF7 /* Products */;
			projectDirPath = "";
			projectRoot = "";
			targets = (
				057C98711FD7287500547DF7 /* Die */,
			);
		};
/* End PBXProject section */

/* Begin PBXResourcesBuildPhase section */
		057C98701FD7287500547DF7 /* Resources */ = {
			isa = PBXResourcesBuildPhase;
			buildActionMask = 2147483647;
			files = (
				057C98811FD7287500547DF7 /* Main.storyboard in Resources */,
				057C98781FD7287500547DF7 /* GameScene.sks in Resources */,
				057C98831FD7287500547DF7 /* Assets.xcassets in Resources */,
				057C98861FD7287500547DF7 /* LaunchScreen.storyboard in Resources */,
				057C987A1FD7287500547DF7 /* Actions.sks in Resources */,
			);
			runOnlyForDeploymentPostprocessing = 0;
		};
/* End PBXResourcesBuildPhase section */

/* Begin PBXSourcesBuildPhase section */
		057C986E1FD7287500547DF7 /* Sources */ = {
			isa = PBXSourcesBuildPhase;
			buildActionMask = 2147483647;
			files = (
				057C987C1FD7287500547DF7 /* GameScene.swift in Sources */,
				057C987E1FD7287500547DF7 /* GameViewController.swift in Sources */,
				057C98761FD7287500547DF7 /* AppDelegate.swift in Sources */,
			);
			runOnlyForDeploymentPostprocessing = 0;
		};
/* End PBXSourcesBuildPhase section */

/* Begin PBXVariantGroup section */
		057C987F1FD7287500547DF7 /* Main.storyboard */ = {
			isa = PBXVariantGroup;
			children = (
				057C98801FD7287500547DF7 /* Base */,
			);
			name = Main.storyboard;
			sourceTree = "<group>";
		};
		057C98841FD7287500547DF7 /* LaunchScreen.storyboard */ = {
			isa = PBXVariantGroup;
			children = (
				057C98851FD7287500547DF7 /* Base */,
			);
			name = LaunchScreen.storyboard;
			sourceTree = "<group>";
		};
/* End PBXVariantGroup section */

/* Begin XCBuildConfiguration section */
		057C98881FD7287500547DF7 /* Debug */ = {
			isa = XCBuildConfiguration;
			buildSettings = {
				ALWAYS_SEARCH_USER_PATHS = NO;
				CLANG_ANALYZER_NONNULL = YES;
				CLANG_CXX_LANGUAGE_STANDARD = "gnu++0x";
				CLANG_CXX_LIBRARY = "libc++";
				CLANG_ENABLE_MODULES = YES;
				CLANG_ENABLE_OBJC_ARC = YES;
				CLANG_WARN_BOOL_CONVERSION = YES;
				CLANG_WARN_CONSTANT_CONVERSION = YES;
				CLANG_WARN_DIRECT_OBJC_ISA_USAGE = YES_ERROR;
				CLANG_WARN_DOCUMENTATION_COMMENTS = YES;
				CLANG_WARN_EMPTY_BODY = YES;
				CLANG_WARN_ENUM_CONVERSION = YES;
				CLANG_WARN_INFINITE_RECURSION = YES;
				CLANG_WARN_INT_CONVERSION = YES;
				CLANG_WARN_OBJC_ROOT_CLASS = YES_ERROR;
				CLANG_WARN_SUSPICIOUS_MOVES = YES;
				CLANG_WARN_UNREACHABLE_CODE = YES;
				CLANG_WARN__DUPLICATE_METHOD_MATCH = YES;
				"CODE_SIGN_IDENTITY[sdk=iphoneos*]" = "iPhone Developer";
				COPY_PHASE_STRIP = NO;
				DEBUG_INFORMATION_FORMAT = dwarf;
				ENABLE_STRICT_OBJC_MSGSEND = YES;
				ENABLE_TESTABILITY = YES;
				GCC_C_LANGUAGE_STANDARD = gnu99;
				GCC_DYNAMIC_NO_PIC = NO;
				GCC_NO_COMMON_BLOCKS = YES;
				GCC_OPTIMIZATION_LEVEL = 0;
				GCC_PREPROCESSOR_DEFINITIONS = (
					"DEBUG=1",
					"$(inherited)",
				);
				GCC_WARN_64_TO_32_BIT_CONVERSION = YES;
				GCC_WARN_ABOUT_RETURN_TYPE = YES_ERROR;
				GCC_WARN_UNDECLARED_SELECTOR = YES;
				GCC_WARN_UNINITIALIZED_AUTOS = YES_AGGRESSIVE;
				GCC_WARN_UNUSED_FUNCTION = YES;
				GCC_WARN_UNUSED_VARIABLE = YES;
				IPHONEOS_DEPLOYMENT_TARGET = 10.1;
				MTL_ENABLE_DEBUG_INFO = YES;
				ONLY_ACTIVE_ARCH = YES;
				SDKROOT = iphoneos;
				SWIFT_ACTIVE_COMPILATION_CONDITIONS = DEBUG;
				SWIFT_OPTIMIZATION_LEVEL = "-Onone";
				TARGETED_DEVICE_FAMILY = "1,2";
			};
			name = Debug;
		};
		057C98891FD7287500547DF7 /* Release */ = {
			isa = XCBuildConfiguration;
			buildSettings = {
				ALWAYS_SEARCH_USER_PATHS = NO;
				CLANG_ANALYZER_NONNULL = YES;
				CLANG_CXX_LANGUAGE_STANDARD = "gnu++0x";
				CLANG_CXX_LIBRARY = "libc++";
				CLANG_ENABLE_MODULES = YES;
				CLANG_ENABLE_OBJC_ARC = YES;
				CLANG_WARN_BOOL_CONVERSION = YES;
				CLANG_WARN_CONSTANT_CONVERSION = YES;
				CLANG_WARN_DIRECT_OBJC_ISA_USAGE = YES_ERROR;
				CLANG_WARN_DOCUMENTATION_COMMENTS = YES;
				CLANG_WARN_EMPTY_BODY = YES;
				CLANG_WARN_ENUM_CONVERSION = YES;
				CLANG_WARN_INFINITE_RECURSION = YES;
				CLANG_WARN_INT_CONVERSION = YES;
				CLANG_WARN_OBJC_ROOT_CLASS = YES_ERROR;
				CLANG_WARN_SUSPICIOUS_MOVES = YES;
				CLANG_WARN_UNREACHABLE_CODE = YES;
				CLANG_WARN__DUPLICATE_METHOD_MATCH = YES;
				"CODE_SIGN_IDENTITY[sdk=iphoneos*]" = "iPhone Developer";
				COPY_PHASE_STRIP = NO;
				DEBUG_INFORMATION_FORMAT = "dwarf-with-dsym";
				ENABLE_NS_ASSERTIONS = NO;
				ENABLE_STRICT_OBJC_MSGSEND = YES;
				GCC_C_LANGUAGE_STANDARD = gnu99;
				GCC_NO_COMMON_BLOCKS = YES;
				GCC_WARN_64_TO_32_BIT_CONVERSION = YES;
				GCC_WARN_ABOUT_RETURN_TYPE = YES_ERROR;
				GCC_WARN_UNDECLARED_SELECTOR = YES;
				GCC_WARN_UNINITIALIZED_AUTOS = YES_AGGRESSIVE;
				GCC_WARN_UNUSED_FUNCTION = YES;
				GCC_WARN_UNUSED_VARIABLE = YES;
				IPHONEOS_DEPLOYMENT_TARGET = 10.1;
				MTL_ENABLE_DEBUG_INFO = NO;
				SDKROOT = iphoneos;
				SWIFT_OPTIMIZATION_LEVEL = "-Owholemodule";
				TARGETED_DEVICE_FAMILY = "1,2";
				VALIDATE_PRODUCT = YES;
			};
			name = Release;
		};
		057C988B1FD7287500547DF7 /* Debug */ = {
			isa = XCBuildConfiguration;
			buildSettings = {
				ASSETCATALOG_COMPILER_APPICON_NAME = AppIcon;
				INFOPLIST_FILE = Die/Info.plist;
				LD_RUNPATH_SEARCH_PATHS = "$(inherited) @executable_path/Frameworks";
				PRODUCT_BUNDLE_IDENTIFIER = com.pedro.Die;
				PRODUCT_NAME = "$(TARGET_NAME)";
				SWIFT_VERSION = 3.0;
			};
			name = Debug;
		};
		057C988C1FD7287500547DF7 /* Release */ = {
			isa = XCBuildConfiguration;
			buildSettings = {
				ASSETCATALOG_COMPILER_APPICON_NAME = AppIcon;
				INFOPLIST_FILE = Die/Info.plist;
				LD_RUNPATH_SEARCH_PATHS = "$(inherited) @executable_path/Frameworks";
				PRODUCT_BUNDLE_IDENTIFIER = com.pedro.Die;
				PRODUCT_NAME = "$(TARGET_NAME)";
				SWIFT_VERSION = 3.0;
			};
			name = Release;
		};
/* End XCBuildConfiguration section */

/* Begin XCConfigurationList section */
		057C986D1FD7287500547DF7 /* Build configuration list for PBXProject "Die" */ = {
			isa = XCConfigurationList;
			buildConfigurations = (
				057C98881FD7287500547DF7 /* Debug */,
				057C98891FD7287500547DF7 /* Release */,
			);
			defaultConfigurationIsVisible = 0;
			defaultConfigurationName = Release;
		};
		057C988A1FD7287500547DF7 /* Build configuration list for PBXNativeTarget "Die" */ = {
			isa = XCConfigurationList;
			buildConfigurations = (
				057C988B1FD7287500547DF7 /* Debug */,
				057C988C1FD7287500547DF7 /* Release */,
			);
			defaultConfigurationIsVisible = 0;
		};
/* End XCConfigurationList section */
	};
	rootObject = 057C986A1FD7287500547DF7 /* Project object */;
}
